
Microsoft Visual Studio Solution File, Format Version 12.00
# Visual Studio Version 17
VisualStudioVersion = 17.7.34018.315
MinimumVisualStudioVersion = 10.0.40219.1
Project("{9A19103F-16F7-4668-BE54-9A1E7A4F7556}") = "GrowHAT", "GrowHAT\GrowHAT.csproj", "{247F56BC-B1D8-4F95-A141-ECF599AC3C51}"
EndProject
Project("{9A19103F-16F7-4668-BE54-9A1E7A4F7556}") = "API", "API\API.csproj", "{8380584D-E89C-4283-9045-A3EDB08FAB86}"
EndProject
Project("{FAE04EC0-301F-11D3-BF4B-00C04F79EFBC}") = "GrowNetWebApp", "GrowNetWebApp\GrowNetWebApp.csproj", "{8CF2BF80-4F2B-41F6-86CF-08485245B4B7}"
EndProject
Global
	GlobalSection(SolutionConfigurationPlatforms) = preSolution
		Debug|Any CPU = Debug|Any CPU
		Release|Any CPU = Release|Any CPU
	EndGlobalSection
	GlobalSection(ProjectConfigurationPlatforms) = postSolution
		{247F56BC-B1D8-4F95-A141-ECF599AC3C51}.Debug|Any CPU.ActiveCfg = Debug|Any CPU
		{247F56BC-B1D8-4F95-A141-ECF599AC3C51}.Debug|Any CPU.Build.0 = Debug|Any CPU
		{247F56BC-B1D8-4F95-A141-ECF599AC3C51}.Release|Any CPU.ActiveCfg = Release|Any CPU
		{247F56BC-B1D8-4F95-A141-ECF599AC3C51}.Release|Any CPU.Build.0 = Release|Any CPU
		{8380584D-E89C-4283-9045-A3EDB08FAB86}.Debug|Any CPU.ActiveCfg = Debug|Any CPU
		{8380584D-E89C-4283-9045-A3EDB08FAB86}.Debug|Any CPU.Build.0 = Debug|Any CPU
		{8380584D-E89C-4283-9045-A3EDB08FAB86}.Release|Any CPU.ActiveCfg = Release|Any CPU
		{8380584D-E89C-4283-9045-A3EDB08FAB86}.Release|Any CPU.Build.0 = Release|Any CPU
		{8CF2BF80-4F2B-41F6-86CF-08485245B4B7}.Debug|Any CPU.ActiveCfg = Debug|Any CPU
		{8CF2BF80-4F2B-41F6-86CF-08485245B4B7}.Debug|Any CPU.Build.0 = Debug|Any CPU
		{8CF2BF80-4F2B-41F6-86CF-08485245B4B7}.Release|Any CPU.ActiveCfg = Release|Any CPU
		{8CF2BF80-4F2B-41F6-86CF-08485245B4B7}.Release|Any CPU.Build.0 = Release|Any CPU
	EndGlobalSection
	GlobalSection(SolutionProperties) = preSolution
		HideSolutionNode = FALSE
	EndGlobalSection
	GlobalSection(ExtensibilityGlobals) = postSolution
		SolutionGuid = {DBA38847-951C-4251-99FB-260B38842420}
	EndGlobalSection
EndGlobal
